// !$*UTF8*$!
{
	archiveVersion = 1;
	classes = {
	};
	objectVersion = 77;
	objects = {

/* Begin PBXBuildFile section */
		090719A32F2505CB000D8913 /* CodeScanner in Frameworks */ = {isa = PBXBuildFile; productRef = 090719A22F2505CB000D8913 /* CodeScanner */; };
		098A61E42E54CA160032185B /* Assets.xcassets in Resources */ = {isa = PBXBuildFile; fileRef = 098A61E02E54CA160032185B /* Assets.xcassets */; };
		098A61E72E54CA160032185B /* ReCIT.swift in Sources */ = {isa = PBXBuildFile; fileRef = 098A61E32E54CA160032185B /* ReCIT.swift */; };
		09A2622E2F425FB70004A85C /* LBSnackBar in Frameworks */ = {isa = PBXBuildFile; productRef = 09A2622D2F425FB70004A85C /* LBSnackBar */; };
		09ACF44E2E5E07EB00D59BC0 /* Env.swift in Sources */ = {isa = PBXBuildFile; fileRef = 09ACF44D2E5E07EB00D59BC0 /* Env.swift */; };
		09F415792F203469000D3E4D /* AsyncAlgorithms in Frameworks */ = {isa = PBXBuildFile; productRef = 09F415782F203469000D3E4D /* AsyncAlgorithms */; };
		507BE6B82F3B5592003AF5B3 /* Nuke in Frameworks */ = {isa = PBXBuildFile; productRef = 507BE6B72F3B5592003AF5B3 /* Nuke */; };
/* End PBXBuildFile section */

/* Begin PBXContainerItemProxy section */
		094FD1AC2E4A38D60023705A /* PBXContainerItemProxy */ = {
			isa = PBXContainerItemProxy;
			containerPortal = 094FD1942E4A38D40023705A /* Project object */;
			proxyType = 1;
			remoteGlobalIDString = 094FD19B2E4A38D40023705A;
			remoteInfo = ReCIT_iOS;
		};
		094FD1B62E4A38D60023705A /* PBXContainerItemProxy */ = {
			isa = PBXContainerItemProxy;
			containerPortal = 094FD1942E4A38D40023705A /* Project object */;
			proxyType = 1;
			remoteGlobalIDString = 094FD19B2E4A38D40023705A;
			remoteInfo = ReCIT_iOS;
		};
/* End PBXContainerItemProxy section */

/* Begin PBXFileReference section */
		094FD19C2E4A38D40023705A /* ReCIT_iOS.app */ = {isa = PBXFileReference; explicitFileType = wrapper.application; includeInIndex = 0; path = ReCIT_iOS.app; sourceTree = BUILT_PRODUCTS_DIR; };
		094FD1AB2E4A38D60023705A /* ReCIT_iOSTests.xctest */ = {isa = PBXFileReference; explicitFileType = wrapper.cfbundle; includeInIndex = 0; path = ReCIT_iOSTests.xctest; sourceTree = BUILT_PRODUCTS_DIR; };
		094FD1B52E4A38D60023705A /* ReCIT_iOSUITests.xctest */ = {isa = PBXFileReference; explicitFileType = wrapper.cfbundle; includeInIndex = 0; path = ReCIT_iOSUITests.xctest; sourceTree = BUILT_PRODUCTS_DIR; };
		098A61E02E54CA160032185B /* Assets.xcassets */ = {isa = PBXFileReference; lastKnownFileType = folder.assetcatalog; path = Assets.xcassets; sourceTree = "<group>"; };
		098A61E32E54CA160032185B /* ReCIT.swift */ = {isa = PBXFileReference; lastKnownFileType = sourcecode.swift; path = ReCIT.swift; sourceTree = "<group>"; };
		09ACF44D2E5E07EB00D59BC0 /* Env.swift */ = {isa = PBXFileReference; lastKnownFileType = sourcecode.swift; path = Env.swift; sourceTree = "<group>"; };
/* End PBXFileReference section */

/* Begin PBXFileSystemSynchronizedRootGroup section */
		094FD1AE2E4A38D60023705A /* Tests */ = {
			isa = PBXFileSystemSynchronizedRootGroup;
			path = Tests;
			sourceTree = "<group>";
		};
		094FD1B82E4A38D60023705A /* UITests */ = {
			isa = PBXFileSystemSynchronizedRootGroup;
			path = UITests;
			sourceTree = "<group>";
		};
		09ACF4122E5CA38300D59BC0 /* Features */ = {
			isa = PBXFileSystemSynchronizedRootGroup;
			path = Features;
			sourceTree = "<group>";
		};
		09FCBD0B2EBE58F600A33F35 /* Model */ = {
			isa = PBXFileSystemSynchronizedRootGroup;
			path = Model;
			sourceTree = "<group>";
		};
		507BE3F92F3B508F003AF5B3 /* DesignSystem */ = {
			isa = PBXFileSystemSynchronizedRootGroup;
			path = DesignSystem;
			sourceTree = "<group>";
		};
/* End PBXFileSystemSynchronizedRootGroup section */

/* Begin PBXFrameworksBuildPhase section */
		094FD1992E4A38D40023705A /* Frameworks */ = {
			isa = PBXFrameworksBuildPhase;
			buildActionMask = 2147483647;
			files = (
				507BE6B82F3B5592003AF5B3 /* Nuke in Frameworks */,
				09A2622E2F425FB70004A85C /* LBSnackBar in Frameworks */,
				090719A32F2505CB000D8913 /* CodeScanner in Frameworks */,
				09F415792F203469000D3E4D /* AsyncAlgorithms in Frameworks */,
			);
			runOnlyForDeploymentPostprocessing = 0;
		};
		094FD1A82E4A38D60023705A /* Frameworks */ = {
			isa = PBXFrameworksBuildPhase;
			buildActionMask = 2147483647;
			files = (
			);
			runOnlyForDeploymentPostprocessing = 0;
		};
		094FD1B22E4A38D60023705A /* Frameworks */ = {
			isa = PBXFrameworksBuildPhase;
			buildActionMask = 2147483647;
			files = (
			);
			runOnlyForDeploymentPostprocessing = 0;
		};
/* End PBXFrameworksBuildPhase section */

/* Begin PBXGroup section */
		090719A12F2505CB000D8913 /* Frameworks */ = {
			isa = PBXGroup;
			children = (
			);
			name = Frameworks;
			sourceTree = "<group>";
		};
		094FD1932E4A38D40023705A = {
			isa = PBXGroup;
			children = (
				098A61E32E54CA160032185B /* ReCIT.swift */,
				09ACF44D2E5E07EB00D59BC0 /* Env.swift */,
				098A61E02E54CA160032185B /* Assets.xcassets */,
				09FCBD0B2EBE58F600A33F35 /* Model */,
				09ACF4122E5CA38300D59BC0 /* Features */,
				507BE3F92F3B508F003AF5B3 /* DesignSystem */,
				094FD1AE2E4A38D60023705A /* Tests */,
				094FD1B82E4A38D60023705A /* UITests */,
				090719A12F2505CB000D8913 /* Frameworks */,
				094FD19D2E4A38D40023705A /* Products */,
			);
			sourceTree = "<group>";
		};
		094FD19D2E4A38D40023705A /* Products */ = {
			isa = PBXGroup;
			children = (
				094FD19C2E4A38D40023705A /* ReCIT_iOS.app */,
				094FD1AB2E4A38D60023705A /* ReCIT_iOSTests.xctest */,
				094FD1B52E4A38D60023705A /* ReCIT_iOSUITests.xctest */,
			);
			name = Products;
			sourceTree = "<group>";
		};
/* End PBXGroup section */

/* Begin PBXNativeTarget section */
		094FD19B2E4A38D40023705A /* ReCIT_iOS */ = {
			isa = PBXNativeTarget;
			buildConfigurationList = 094FD1BF2E4A38D60023705A /* Build configuration list for PBXNativeTarget "ReCIT_iOS" */;
			buildPhases = (
				094FD1982E4A38D40023705A /* Sources */,
				094FD1992E4A38D40023705A /* Frameworks */,
				094FD19A2E4A38D40023705A /* Resources */,
			);
			buildRules = (
			);
			dependencies = (
			);
			fileSystemSynchronizedGroups = (
				09ACF4122E5CA38300D59BC0 /* Features */,
				09FCBD0B2EBE58F600A33F35 /* Model */,
				507BE3F92F3B508F003AF5B3 /* DesignSystem */,
			);
			name = ReCIT_iOS;
			packageProductDependencies = (
				09F415782F203469000D3E4D /* AsyncAlgorithms */,
				090719A22F2505CB000D8913 /* CodeScanner */,
				507BE6B72F3B5592003AF5B3 /* Nuke */,
				09A2622D2F425FB70004A85C /* LBSnackBar */,
			);
			productName = ReCIT_iOS;
			productReference = 094FD19C2E4A38D40023705A /* ReCIT_iOS.app */;
			productType = "com.apple.product-type.application";
		};
		094FD1AA2E4A38D60023705A /* ReCIT_iOSTests */ = {
			isa = PBXNativeTarget;
			buildConfigurationList = 094FD1C22E4A38D60023705A /* Build configuration list for PBXNativeTarget "ReCIT_iOSTests" */;
			buildPhases = (
				094FD1A72E4A38D60023705A /* Sources */,
				094FD1A82E4A38D60023705A /* Frameworks */,
				094FD1A92E4A38D60023705A /* Resources */,
			);
			buildRules = (
			);
			dependencies = (
				094FD1AD2E4A38D60023705A /* PBXTargetDependency */,
			);
			fileSystemSynchronizedGroups = (
				094FD1AE2E4A38D60023705A /* Tests */,
			);
			name = ReCIT_iOSTests;
			packageProductDependencies = (
			);
			productName = ReCIT_iOSTests;
			productReference = 094FD1AB2E4A38D60023705A /* ReCIT_iOSTests.xctest */;
			productType = "com.apple.product-type.bundle.unit-test";
		};
		094FD1B42E4A38D60023705A /* ReCIT_iOSUITests */ = {
			isa = PBXNativeTarget;
			buildConfigurationList = 094FD1C52E4A38D60023705A /* Build configuration list for PBXNativeTarget "ReCIT_iOSUITests" */;
			buildPhases = (
				094FD1B12E4A38D60023705A /* Sources */,
				094FD1B22E4A38D60023705A /* Frameworks */,
				094FD1B32E4A38D60023705A /* Resources */,
			);
			buildRules = (
			);
			dependencies = (
				094FD1B72E4A38D60023705A /* PBXTargetDependency */,
			);
			fileSystemSynchronizedGroups = (
				094FD1B82E4A38D60023705A /* UITests */,
			);
			name = ReCIT_iOSUITests;
			packageProductDependencies = (
			);
			productName = ReCIT_iOSUITests;
			productReference = 094FD1B52E4A38D60023705A /* ReCIT_iOSUITests.xctest */;
			productType = "com.apple.product-type.bundle.ui-testing";
		};
/* End PBXNativeTarget section */

/* Begin PBXProject section */
		094FD1942E4A38D40023705A /* Project object */ = {
			isa = PBXProject;
			attributes = {
				BuildIndependentTargetsInParallel = 1;
				LastSwiftUpdateCheck = 2600;
				LastUpgradeCheck = 2600;
				TargetAttributes = {
					094FD19B2E4A38D40023705A = {
						CreatedOnToolsVersion = 26.0;
					};
					094FD1AA2E4A38D60023705A = {
						CreatedOnToolsVersion = 26.0;
						TestTargetID = 094FD19B2E4A38D40023705A;
					};
					094FD1B42E4A38D60023705A = {
						CreatedOnToolsVersion = 26.0;
						TestTargetID = 094FD19B2E4A38D40023705A;
					};
				};
			};
			buildConfigurationList = 094FD1972E4A38D40023705A /* Build configuration list for PBXProject "ReCIT_iOS" */;
			developmentRegion = en;
			hasScannedForEncodings = 0;
			knownRegions = (
				en,
				Base,
			);
			mainGroup = 094FD1932E4A38D40023705A;
			minimizedProjectReferenceProxies = 1;
			packageReferences = (
				09F415772F203469000D3E4D /* XCRemoteSwiftPackageReference "swift-async-algorithms" */,
				090719A02F25052D000D8913 /* XCRemoteSwiftPackageReference "CodeScanner" */,
				507BE6B62F3B5592003AF5B3 /* XCRemoteSwiftPackageReference "Nuke" */,
				09A2622C2F425FB70004A85C /* XCRemoteSwiftPackageReference "LBSnackBar" */,
			);
			preferredProjectObjectVersion = 77;
			productRefGroup = 094FD19D2E4A38D40023705A /* Products */;
			projectDirPath = "";
			projectRoot = "";
			targets = (
				094FD19B2E4A38D40023705A /* ReCIT_iOS */,
				094FD1AA2E4A38D60023705A /* ReCIT_iOSTests */,
				094FD1B42E4A38D60023705A /* ReCIT_iOSUITests */,
			);
		};
/* End PBXProject section */

/* Begin PBXResourcesBuildPhase section */
		094FD19A2E4A38D40023705A /* Resources */ = {
			isa = PBXResourcesBuildPhase;
			buildActionMask = 2147483647;
			files = (
				098A61E42E54CA160032185B /* Assets.xcassets in Resources */,
			);
			runOnlyForDeploymentPostprocessing = 0;
		};
		094FD1A92E4A38D60023705A /* Resources */ = {
			isa = PBXResourcesBuildPhase;
			buildActionMask = 2147483647;
			files = (
			);
			runOnlyForDeploymentPostprocessing = 0;
		};
		094FD1B32E4A38D60023705A /* Resources */ = {
			isa = PBXResourcesBuildPhase;
			buildActionMask = 2147483647;
			files = (
			);
			runOnlyForDeploymentPostprocessing = 0;
		};
/* End PBXResourcesBuildPhase section */

/* Begin PBXSourcesBuildPhase section */
		094FD1982E4A38D40023705A /* Sources */ = {
			isa = PBXSourcesBuildPhase;
			buildActionMask = 2147483647;
			files = (
				09ACF44E2E5E07EB00D59BC0 /* Env.swift in Sources */,
				098A61E72E54CA160032185B /* ReCIT.swift in Sources */,
			);
			runOnlyForDeploymentPostprocessing = 0;
		};
		094FD1A72E4A38D60023705A /* Sources */ = {
			isa = PBXSourcesBuildPhase;
			buildActionMask = 2147483647;
			files = (
			);
			runOnlyForDeploymentPostprocessing = 0;
		};
		094FD1B12E4A38D60023705A /* Sources */ = {
			isa = PBXSourcesBuildPhase;
			buildActionMask = 2147483647;
			files = (
			);
			runOnlyForDeploymentPostprocessing = 0;
		};
/* End PBXSourcesBuildPhase section */

/* Begin PBXTargetDependency section */
		094FD1AD2E4A38D60023705A /* PBXTargetDependency */ = {
			isa = PBXTargetDependency;
			target = 094FD19B2E4A38D40023705A /* ReCIT_iOS */;
			targetProxy = 094FD1AC2E4A38D60023705A /* PBXContainerItemProxy */;
		};
		094FD1B72E4A38D60023705A /* PBXTargetDependency */ = {
			isa = PBXTargetDependency;
			target = 094FD19B2E4A38D40023705A /* ReCIT_iOS */;
			targetProxy = 094FD1B62E4A38D60023705A /* PBXContainerItemProxy */;
		};
/* End PBXTargetDependency section */

/* Begin XCBuildConfiguration section */
		094FD1BD2E4A38D60023705A /* Debug */ = {
			isa = XCBuildConfiguration;
			buildSettings = {
				ALWAYS_SEARCH_USER_PATHS = NO;
				ASSETCATALOG_COMPILER_GENERATE_SWIFT_ASSET_SYMBOL_EXTENSIONS = YES;
				CLANG_ANALYZER_NONNULL = YES;
				CLANG_ANALYZER_NUMBER_OBJECT_CONVERSION = YES_AGGRESSIVE;
				CLANG_CXX_LANGUAGE_STANDARD = "gnu++20";
				CLANG_ENABLE_MODULES = YES;
				CLANG_ENABLE_OBJC_ARC = YES;
				CLANG_ENABLE_OBJC_WEAK = YES;
				CLANG_WARN_BLOCK_CAPTURE_AUTORELEASING = YES;
				CLANG_WARN_BOOL_CONVERSION = YES;
				CLANG_WARN_COMMA = YES;
				CLANG_WARN_CONSTANT_CONVERSION = YES;
				CLANG_WARN_DEPRECATED_OBJC_IMPLEMENTATIONS = YES;
				CLANG_WARN_DIRECT_OBJC_ISA_USAGE = YES_ERROR;
				CLANG_WARN_DOCUMENTATION_COMMENTS = YES;
				CLANG_WARN_EMPTY_BODY = YES;
				CLANG_WARN_ENUM_CONVERSION = YES;
				CLANG_WARN_INFINITE_RECURSION = YES;
				CLANG_WARN_INT_CONVERSION = YES;
				CLANG_WARN_NON_LITERAL_NULL_CONVERSION = YES;
				CLANG_WARN_OBJC_IMPLICIT_RETAIN_SELF = YES;
				CLANG_WARN_OBJC_LITERAL_CONVERSION = YES;
				CLANG_WARN_OBJC_ROOT_CLASS = YES_ERROR;
				CLANG_WARN_QUOTED_INCLUDE_IN_FRAMEWORK_HEADER = YES;
				CLANG_WARN_RANGE_LOOP_ANALYSIS = YES;
				CLANG_WARN_STRICT_PROTOTYPES = YES;
				CLANG_WARN_SUSPICIOUS_MOVE = YES;
				CLANG_WARN_UNGUARDED_AVAILABILITY = YES_AGGRESSIVE;
				CLANG_WARN_UNREACHABLE_CODE = YES;
				CLANG_WARN__DUPLICATE_METHOD_MATCH = YES;
				COPY_PHASE_STRIP = NO;
				DEBUG_INFORMATION_FORMAT = dwarf;
				DEVELOPMENT_TEAM = WP5UTYKSQ4;
				ENABLE_STRICT_OBJC_MSGSEND = YES;
				ENABLE_TESTABILITY = YES;
				ENABLE_USER_SCRIPT_SANDBOXING = YES;
				GCC_C_LANGUAGE_STANDARD = gnu17;
				GCC_DYNAMIC_NO_PIC = NO;
				GCC_NO_COMMON_BLOCKS = YES;
				GCC_OPTIMIZATION_LEVEL = 0;
				GCC_PREPROCESSOR_DEFINITIONS = (
					"DEBUG=1",
					"$(inherited)",
				);
				GCC_WARN_64_TO_32_BIT_CONVERSION = YES;
				GCC_WARN_ABOUT_RETURN_TYPE = YES_ERROR;
				GCC_WARN_UNDECLARED_SELECTOR = YES;
				GCC_WARN_UNINITIALIZED_AUTOS = YES_AGGRESSIVE;
				GCC_WARN_UNUSED_FUNCTION = YES;
				GCC_WARN_UNUSED_VARIABLE = YES;
				IPHONEOS_DEPLOYMENT_TARGET = 26.0;
				LOCALIZATION_PREFERS_STRING_CATALOGS = YES;
				MTL_ENABLE_DEBUG_INFO = INCLUDE_SOURCE;
				MTL_FAST_MATH = YES;
				ONLY_ACTIVE_ARCH = YES;
				SDKROOT = iphoneos;
				SWIFT_ACTIVE_COMPILATION_CONDITIONS = "DEBUG $(inherited)";
				SWIFT_OPTIMIZATION_LEVEL = "-Onone";
			};
			name = Debug;
		};
		094FD1BE2E4A38D60023705A /* Release */ = {
			isa = XCBuildConfiguration;
			buildSettings = {
				ALWAYS_SEARCH_USER_PATHS = NO;
				ASSETCATALOG_COMPILER_GENERATE_SWIFT_ASSET_SYMBOL_EXTENSIONS = YES;
				CLANG_ANALYZER_NONNULL = YES;
				CLANG_ANALYZER_NUMBER_OBJECT_CONVERSION = YES_AGGRESSIVE;
				CLANG_CXX_LANGUAGE_STANDARD = "gnu++20";
				CLANG_ENABLE_MODULES = YES;
				CLANG_ENABLE_OBJC_ARC = YES;
				CLANG_ENABLE_OBJC_WEAK = YES;
				CLANG_WARN_BLOCK_CAPTURE_AUTORELEASING = YES;
				CLANG_WARN_BOOL_CONVERSION = YES;
				CLANG_WARN_COMMA = YES;
				CLANG_WARN_CONSTANT_CONVERSION = YES;
				CLANG_WARN_DEPRECATED_OBJC_IMPLEMENTATIONS = YES;
				CLANG_WARN_DIRECT_OBJC_ISA_USAGE = YES_ERROR;
				CLANG_WARN_DOCUMENTATION_COMMENTS = YES;
				CLANG_WARN_EMPTY_BODY = YES;
				CLANG_WARN_ENUM_CONVERSION = YES;
				CLANG_WARN_INFINITE_RECURSION = YES;
				CLANG_WARN_INT_CONVERSION = YES;
				CLANG_WARN_NON_LITERAL_NULL_CONVERSION = YES;
				CLANG_WARN_OBJC_IMPLICIT_RETAIN_SELF = YES;
				CLANG_WARN_OBJC_LITERAL_CONVERSION = YES;
				CLANG_WARN_OBJC_ROOT_CLASS = YES_ERROR;
				CLANG_WARN_QUOTED_INCLUDE_IN_FRAMEWORK_HEADER = YES;
				CLANG_WARN_RANGE_LOOP_ANALYSIS = YES;
				CLANG_WARN_STRICT_PROTOTYPES = YES;
				CLANG_WARN_SUSPICIOUS_MOVE = YES;
				CLANG_WARN_UNGUARDED_AVAILABILITY = YES_AGGRESSIVE;
				CLANG_WARN_UNREACHABLE_CODE = YES;
				CLANG_WARN__DUPLICATE_METHOD_MATCH = YES;
				COPY_PHASE_STRIP = NO;
				DEBUG_INFORMATION_FORMAT = "dwarf-with-dsym";
				DEVELOPMENT_TEAM = WP5UTYKSQ4;
				ENABLE_NS_ASSERTIONS = NO;
				ENABLE_STRICT_OBJC_MSGSEND = YES;
				ENABLE_USER_SCRIPT_SANDBOXING = YES;
				GCC_C_LANGUAGE_STANDARD = gnu17;
				GCC_NO_COMMON_BLOCKS = YES;
				GCC_WARN_64_TO_32_BIT_CONVERSION = YES;
				GCC_WARN_ABOUT_RETURN_TYPE = YES_ERROR;
				GCC_WARN_UNDECLARED_SELECTOR = YES;
				GCC_WARN_UNINITIALIZED_AUTOS = YES_AGGRESSIVE;
				GCC_WARN_UNUSED_FUNCTION = YES;
				GCC_WARN_UNUSED_VARIABLE = YES;
				IPHONEOS_DEPLOYMENT_TARGET = 26.0;
				LOCALIZATION_PREFERS_STRING_CATALOGS = YES;
				MTL_ENABLE_DEBUG_INFO = NO;
				MTL_FAST_MATH = YES;
				SDKROOT = iphoneos;
				SWIFT_COMPILATION_MODE = wholemodule;
				VALIDATE_PRODUCT = YES;
			};
			name = Release;
		};
		094FD1C02E4A38D60023705A /* Debug */ = {
			isa = XCBuildConfiguration;
			buildSettings = {
				ASSETCATALOG_COMPILER_APPICON_NAME = AppIcon;
				ASSETCATALOG_COMPILER_GLOBAL_ACCENT_COLOR_NAME = AccentColor;
				CODE_SIGN_STYLE = Automatic;
				CURRENT_PROJECT_VERSION = 1;
				DEVELOPMENT_TEAM = VH79XGK7M2;
				ENABLE_PREVIEWS = YES;
				GENERATE_INFOPLIST_FILE = YES;
				INFOPLIST_KEY_NSCameraUsageDescription = "\"We use camera to scan barcodes\"";
				INFOPLIST_KEY_UIApplicationSceneManifest_Generation = YES;
				INFOPLIST_KEY_UIApplicationSupportsIndirectInputEvents = YES;
				INFOPLIST_KEY_UILaunchScreen_Generation = YES;
				INFOPLIST_KEY_UISupportedInterfaceOrientations_iPad = "UIInterfaceOrientationPortrait UIInterfaceOrientationPortraitUpsideDown UIInterfaceOrientationLandscapeLeft UIInterfaceOrientationLandscapeRight";
				INFOPLIST_KEY_UISupportedInterfaceOrientations_iPhone = "UIInterfaceOrientationPortrait UIInterfaceOrientationLandscapeLeft UIInterfaceOrientationLandscapeRight";
				LD_RUNPATH_SEARCH_PATHS = (
					"$(inherited)",
					"@executable_path/Frameworks",
				);
				MARKETING_VERSION = 1.0;
				PRODUCT_BUNDLE_IDENTIFIER = "fr.association.ReCIT-iOS";
				PRODUCT_NAME = "$(TARGET_NAME)";
				STRING_CATALOG_GENERATE_SYMBOLS = YES;
				SWIFT_DEFAULT_ACTOR_ISOLATION = MainActor;
				SWIFT_EMIT_LOC_STRINGS = YES;
				SWIFT_UPCOMING_FEATURE_MEMBER_IMPORT_VISIBILITY = YES;
				SWIFT_VERSION = 5.0;
				TARGETED_DEVICE_FAMILY = "1,2";
			};
			name = Debug;
		};
		094FD1C12E4A38D60023705A /* Release */ = {
			isa = XCBuildConfiguration;
			buildSettings = {
				ASSETCATALOG_COMPILER_APPICON_NAME = AppIcon;
				ASSETCATALOG_COMPILER_GLOBAL_ACCENT_COLOR_NAME = AccentColor;
				CODE_SIGN_STYLE = Automatic;
				CURRENT_PROJECT_VERSION = 1;
				DEVELOPMENT_TEAM = VH79XGK7M2;
				ENABLE_PREVIEWS = YES;
				GENERATE_INFOPLIST_FILE = YES;
				INFOPLIST_KEY_NSCameraUsageDescription = "\"We use camera to scan barcodes\"";
				INFOPLIST_KEY_UIApplicationSceneManifest_Generation = YES;
				INFOPLIST_KEY_UIApplicationSupportsIndirectInputEvents = YES;
				INFOPLIST_KEY_UILaunchScreen_Generation = YES;
				INFOPLIST_KEY_UISupportedInterfaceOrientations_iPad = "UIInterfaceOrientationPortrait UIInterfaceOrientationPortraitUpsideDown UIInterfaceOrientationLandscapeLeft UIInterfaceOrientationLandscapeRight";
				INFOPLIST_KEY_UISupportedInterfaceOrientations_iPhone = "UIInterfaceOrientationPortrait UIInterfaceOrientationLandscapeLeft UIInterfaceOrientationLandscapeRight";
				LD_RUNPATH_SEARCH_PATHS = (
					"$(inherited)",
					"@executable_path/Frameworks",
				);
				MARKETING_VERSION = 1.0;
				PRODUCT_BUNDLE_IDENTIFIER = "fr.association.ReCIT-iOS";
				PRODUCT_NAME = "$(TARGET_NAME)";
				STRING_CATALOG_GENERATE_SYMBOLS = YES;
				SWIFT_DEFAULT_ACTOR_ISOLATION = MainActor;
				SWIFT_EMIT_LOC_STRINGS = YES;
				SWIFT_UPCOMING_FEATURE_MEMBER_IMPORT_VISIBILITY = YES;
				SWIFT_VERSION = 5.0;
				TARGETED_DEVICE_FAMILY = "1,2";
			};
			name = Release;
		};
		094FD1C32E4A38D60023705A /* Debug */ = {
			isa = XCBuildConfiguration;
			buildSettings = {
				BUNDLE_LOADER = "$(TEST_HOST)";
				CODE_SIGN_STYLE = Automatic;
				CURRENT_PROJECT_VERSION = 1;
				DEVELOPMENT_TEAM = WP5UTYKSQ4;
				GENERATE_INFOPLIST_FILE = YES;
				IPHONEOS_DEPLOYMENT_TARGET = 26.0;
				MARKETING_VERSION = 1.0;
				PRODUCT_BUNDLE_IDENTIFIER = "fr.association.ReCIT-iOSTests";
				PRODUCT_NAME = "$(TARGET_NAME)";
				STRING_CATALOG_GENERATE_SYMBOLS = NO;
				SWIFT_EMIT_LOC_STRINGS = NO;
				SWIFT_UPCOMING_FEATURE_MEMBER_IMPORT_VISIBILITY = YES;
				SWIFT_VERSION = 5.0;
				TARGETED_DEVICE_FAMILY = "1,2";
				TEST_HOST = "$(BUILT_PRODUCTS_DIR)/ReCIT_iOS.app/$(BUNDLE_EXECUTABLE_FOLDER_PATH)/ReCIT_iOS";
			};
			name = Debug;
		};
		094FD1C42E4A38D60023705A /* Release */ = {
			isa = XCBuildConfiguration;
			buildSettings = {
				BUNDLE_LOADER = "$(TEST_HOST)";
				CODE_SIGN_STYLE = Automatic;
				CURRENT_PROJECT_VERSION = 1;
				DEVELOPMENT_TEAM = WP5UTYKSQ4;
				GENERATE_INFOPLIST_FILE = YES;
				IPHONEOS_DEPLOYMENT_TARGET = 26.0;
				MARKETING_VERSION = 1.0;
				PRODUCT_BUNDLE_IDENTIFIER = "fr.association.ReCIT-iOSTests";
				PRODUCT_NAME = "$(TARGET_NAME)";
				STRING_CATALOG_GENERATE_SYMBOLS = NO;
				SWIFT_EMIT_LOC_STRINGS = NO;
				SWIFT_UPCOMING_FEATURE_MEMBER_IMPORT_VISIBILITY = YES;
				SWIFT_VERSION = 5.0;
				TARGETED_DEVICE_FAMILY = "1,2";
				TEST_HOST = "$(BUILT_PRODUCTS_DIR)/ReCIT_iOS.app/$(BUNDLE_EXECUTABLE_FOLDER_PATH)/ReCIT_iOS";
			};
			name = Release;
		};
		094FD1C62E4A38D60023705A /* Debug */ = {
			isa = XCBuildConfiguration;
			buildSettings = {
				CODE_SIGN_STYLE = Automatic;
				CURRENT_PROJECT_VERSION = 1;
				DEVELOPMENT_TEAM = WP5UTYKSQ4;
				GENERATE_INFOPLIST_FILE = YES;
				MARKETING_VERSION = 1.0;
				PRODUCT_BUNDLE_IDENTIFIER = "fr.association.ReCIT-iOSUITests";
				PRODUCT_NAME = "$(TARGET_NAME)";
				STRING_CATALOG_GENERATE_SYMBOLS = NO;
				SWIFT_EMIT_LOC_STRINGS = NO;
				SWIFT_UPCOMING_FEATURE_MEMBER_IMPORT_VISIBILITY = YES;
				SWIFT_VERSION = 5.0;
				TARGETED_DEVICE_FAMILY = "1,2";
				TEST_TARGET_NAME = ReCIT_iOS;
			};
			name = Debug;
		};
		094FD1C72E4A38D60023705A /* Release */ = {
			isa = XCBuildConfiguration;
			buildSettings = {
				CODE_SIGN_STYLE = Automatic;
				CURRENT_PROJECT_VERSION = 1;
				DEVELOPMENT_TEAM = WP5UTYKSQ4;
				GENERATE_INFOPLIST_FILE = YES;
				MARKETING_VERSION = 1.0;
				PRODUCT_BUNDLE_IDENTIFIER = "fr.association.ReCIT-iOSUITests";
				PRODUCT_NAME = "$(TARGET_NAME)";
				STRING_CATALOG_GENERATE_SYMBOLS = NO;
				SWIFT_EMIT_LOC_STRINGS = NO;
				SWIFT_UPCOMING_FEATURE_MEMBER_IMPORT_VISIBILITY = YES;
				SWIFT_VERSION = 5.0;
				TARGETED_DEVICE_FAMILY = "1,2";
				TEST_TARGET_NAME = ReCIT_iOS;
			};
			name = Release;
		};
/* End XCBuildConfiguration section */

/* Begin XCConfigurationList section */
		094FD1972E4A38D40023705A /* Build configuration list for PBXProject "ReCIT_iOS" */ = {
			isa = XCConfigurationList;
			buildConfigurations = (
				094FD1BD2E4A38D60023705A /* Debug */,
				094FD1BE2E4A38D60023705A /* Release */,
			);
			defaultConfigurationIsVisible = 0;
			defaultConfigurationName = Release;
		};
		094FD1BF2E4A38D60023705A /* Build configuration list for PBXNativeTarget "ReCIT_iOS" */ = {
			isa = XCConfigurationList;
			buildConfigurations = (
				094FD1C02E4A38D60023705A /* Debug */,
				094FD1C12E4A38D60023705A /* Release */,
			);
			defaultConfigurationIsVisible = 0;
			defaultConfigurationName = Release;
		};
		094FD1C22E4A38D60023705A /* Build configuration list for PBXNativeTarget "ReCIT_iOSTests" */ = {
			isa = XCConfigurationList;
			buildConfigurations = (
				094FD1C32E4A38D60023705A /* Debug */,
				094FD1C42E4A38D60023705A /* Release */,
			);
			defaultConfigurationIsVisible = 0;
			defaultConfigurationName = Release;
		};
		094FD1C52E4A38D60023705A /* Build configuration list for PBXNativeTarget "ReCIT_iOSUITests" */ = {
			isa = XCConfigurationList;
			buildConfigurations = (
				094FD1C62E4A38D60023705A /* Debug */,
				094FD1C72E4A38D60023705A /* Release */,
			);
			defaultConfigurationIsVisible = 0;
			defaultConfigurationName = Release;
		};
/* End XCConfigurationList section */

/* Begin XCRemoteSwiftPackageReference section */
		090719A02F25052D000D8913 /* XCRemoteSwiftPackageReference "CodeScanner" */ = {
			isa = XCRemoteSwiftPackageReference;
			repositoryURL = "https://github.com/twostraws/CodeScanner";
			requirement = {
				kind = upToNextMajorVersion;
				minimumVersion = 2.5.2;
			};
		};
		09A2622C2F425FB70004A85C /* XCRemoteSwiftPackageReference "LBSnackBar" */ = {
			isa = XCRemoteSwiftPackageReference;
			repositoryURL = "https://github.com/LunabeeStudio/LBSnackBar.git";
			requirement = {
				kind = upToNextMajorVersion;
				minimumVersion = 0.12.0;
			};
		};
		09F415772F203469000D3E4D /* XCRemoteSwiftPackageReference "swift-async-algorithms" */ = {
			isa = XCRemoteSwiftPackageReference;
			repositoryURL = "https://github.com/apple/swift-async-algorithms.git";
			requirement = {
				kind = upToNextMajorVersion;
				minimumVersion = 1.1.1;
			};
		};
		507BE6B62F3B5592003AF5B3 /* XCRemoteSwiftPackageReference "Nuke" */ = {
			isa = XCRemoteSwiftPackageReference;
			repositoryURL = "https://github.com/kean/Nuke.git";
			requirement = {
				kind = upToNextMajorVersion;
				minimumVersion = 12.8.0;
			};
		};
/* End XCRemoteSwiftPackageReference section */

/* Begin XCSwiftPackageProductDependency section */
		090719A22F2505CB000D8913 /* CodeScanner */ = {
			isa = XCSwiftPackageProductDependency;
			package = 090719A02F25052D000D8913 /* XCRemoteSwiftPackageReference "CodeScanner" */;
			productName = CodeScanner;
		};
		09A2622D2F425FB70004A85C /* LBSnackBar */ = {
			isa = XCSwiftPackageProductDependency;
			package = 09A2622C2F425FB70004A85C /* XCRemoteSwiftPackageReference "LBSnackBar" */;
			productName = LBSnackBar;
		};
		09F415782F203469000D3E4D /* AsyncAlgorithms */ = {
			isa = XCSwiftPackageProductDependency;
			package = 09F415772F203469000D3E4D /* XCRemoteSwiftPackageReference "swift-async-algorithms" */;
			productName = AsyncAlgorithms;
		};
		507BE6B72F3B5592003AF5B3 /* Nuke */ = {
			isa = XCSwiftPackageProductDependency;
			package = 507BE6B62F3B5592003AF5B3 /* XCRemoteSwiftPackageReference "Nuke" */;
			productName = Nuke;
		};
/* End XCSwiftPackageProductDependency section */
	};
	rootObject = 094FD1942E4A38D40023705A /* Project object */;
}
