// !$*UTF8*$!
{
	archiveVersion = 1;
	classes = {
	};
	objectVersion = 77;
	objects = {

/* Begin PBXBuildFile section */
		098A61E42E54CA160032185B /* Assets.xcassets in Resources */ = {isa = PBXBuildFile; fileRef = 098A61E02E54CA160032185B /* Assets.xcassets */; };
		098A61E72E54CA160032185B /* ReCIT.swift in Sources */ = {isa = PBXBuildFile; fileRef = 098A61E32E54CA160032185B /* ReCIT.swift */; };
		098A62092E54CCC70032185B /* Exo2-Bold.ttf in Resources */ = {isa = PBXBuildFile; fileRef = 098A61F92E54CCC70032185B /* Exo2-Bold.ttf */; };
		098A620A2E54CCC70032185B /* Poppins-Bold.ttf in Resources */ = {isa = PBXBuildFile; fileRef = 098A61FB2E54CCC70032185B /* Poppins-Bold.ttf */; };
		098A620B2E54CCC70032185B /* Exo2-Medium.ttf in Resources */ = {isa = PBXBuildFile; fileRef = 098A61FA2E54CCC70032185B /* Exo2-Medium.ttf */; };
		098A620C2E54CCC70032185B /* Spacing.swift in Sources */ = {isa = PBXBuildFile; fileRef = 098A62002E54CCC70032185B /* Spacing.swift */; };
		098A620D2E54CCC70032185B /* CornerRadius.swift in Sources */ = {isa = PBXBuildFile; fileRef = 098A61FE2E54CCC70032185B /* CornerRadius.swift */; };
		098A620E2E54CCC70032185B /* ImageTagView.swift in Sources */ = {isa = PBXBuildFile; fileRef = 098A62072E54CCC70032185B /* ImageTagView.swift */; };
		098A620F2E54CCC70032185B /* ActionButtonStyle.swift in Sources */ = {isa = PBXBuildFile; fileRef = 098A61F32E54CCC70032185B /* ActionButtonStyle.swift */; };
		098A62112E54CCC70032185B /* TagToggleStyle.swift in Sources */ = {isa = PBXBuildFile; fileRef = 098A61EE2E54CCC70032185B /* TagToggleStyle.swift */; };
		098A62122E54CCC70032185B /* Color.swift in Sources */ = {isa = PBXBuildFile; fileRef = 098A61FD2E54CCC70032185B /* Color.swift */; };
		098A62132E54CCC70032185B /* Haptics.swift in Sources */ = {isa = PBXBuildFile; fileRef = 098A62062E54CCC70032185B /* Haptics.swift */; };
		098A62142E54CCC70032185B /* TextStyle.swift in Sources */ = {isa = PBXBuildFile; fileRef = 098A62012E54CCC70032185B /* TextStyle.swift */; };
		098A62152E54CCC70032185B /* IconButtonStyle.swift in Sources */ = {isa = PBXBuildFile; fileRef = 098A61F52E54CCC70032185B /* IconButtonStyle.swift */; };
		098A62162E54CCC70032185B /* Gradiant.swift in Sources */ = {isa = PBXBuildFile; fileRef = 098A61FF2E54CCC70032185B /* Gradiant.swift */; };
		098A62172E54CCC70032185B /* RadioToggleStyle.swift in Sources */ = {isa = PBXBuildFile; fileRef = 098A61EF2E54CCC70032185B /* RadioToggleStyle.swift */; };
		098A62182E54CCC70032185B /* ButtonPressedEffect.swift in Sources */ = {isa = PBXBuildFile; fileRef = 098A61F42E54CCC70032185B /* ButtonPressedEffect.swift */; };
		098A62192E54CCC70032185B /* PrimaryButton.swift in Sources */ = {isa = PBXBuildFile; fileRef = 098A61F62E54CCC70032185B /* PrimaryButton.swift */; };
		098A621B2E54CCC70032185B /* ScaleButtonStyle.swift in Sources */ = {isa = PBXBuildFile; fileRef = 098A61F72E54CCC70032185B /* ScaleButtonStyle.swift */; };
		098A621C2E54CCC70032185B /* TagView.swift in Sources */ = {isa = PBXBuildFile; fileRef = 098A62052E54CCC70032185B /* TagView.swift */; };
		098A621D2E54CCC70032185B /* DesignSystem.swift in Sources */ = {isa = PBXBuildFile; fileRef = 098A62032E54CCC70032185B /* DesignSystem.swift */; };
		098A621E2E54CCC70032185B /* CardButtonStyle.swift in Sources */ = {isa = PBXBuildFile; fileRef = 098A61F22E54CCC70032185B /* CardButtonStyle.swift */; };
		098A62222E54D30D0032185B /* Constant.swift in Sources */ = {isa = PBXBuildFile; fileRef = 098A62212E54D30D0032185B /* Constant.swift */; };
		09ACF44E2E5E07EB00D59BC0 /* Env.swift in Sources */ = {isa = PBXBuildFile; fileRef = 09ACF44D2E5E07EB00D59BC0 /* Env.swift */; };
		09F415792F203469000D3E4D /* AsyncAlgorithms in Frameworks */ = {isa = PBXBuildFile; productRef = 09F415782F203469000D3E4D /* AsyncAlgorithms */; };
/* End PBXBuildFile section */

/* Begin PBXContainerItemProxy section */
		094FD1AC2E4A38D60023705A /* PBXContainerItemProxy */ = {
			isa = PBXContainerItemProxy;
			containerPortal = 094FD1942E4A38D40023705A /* Project object */;
			proxyType = 1;
			remoteGlobalIDString = 094FD19B2E4A38D40023705A;
			remoteInfo = ReCIT_iOS;
		};
		094FD1B62E4A38D60023705A /* PBXContainerItemProxy */ = {
			isa = PBXContainerItemProxy;
			containerPortal = 094FD1942E4A38D40023705A /* Project object */;
			proxyType = 1;
			remoteGlobalIDString = 094FD19B2E4A38D40023705A;
			remoteInfo = ReCIT_iOS;
		};
/* End PBXContainerItemProxy section */

/* Begin PBXFileReference section */
		094FD19C2E4A38D40023705A /* ReCIT_iOS.app */ = {isa = PBXFileReference; explicitFileType = wrapper.application; includeInIndex = 0; path = ReCIT_iOS.app; sourceTree = BUILT_PRODUCTS_DIR; };
		094FD1AB2E4A38D60023705A /* ReCIT_iOSTests.xctest */ = {isa = PBXFileReference; explicitFileType = wrapper.cfbundle; includeInIndex = 0; path = ReCIT_iOSTests.xctest; sourceTree = BUILT_PRODUCTS_DIR; };
		094FD1B52E4A38D60023705A /* ReCIT_iOSUITests.xctest */ = {isa = PBXFileReference; explicitFileType = wrapper.cfbundle; includeInIndex = 0; path = ReCIT_iOSUITests.xctest; sourceTree = BUILT_PRODUCTS_DIR; };
		098A61E02E54CA160032185B /* Assets.xcassets */ = {isa = PBXFileReference; lastKnownFileType = folder.assetcatalog; path = Assets.xcassets; sourceTree = "<group>"; };
		098A61E32E54CA160032185B /* ReCIT.swift */ = {isa = PBXFileReference; lastKnownFileType = sourcecode.swift; path = ReCIT.swift; sourceTree = "<group>"; };
		098A61EE2E54CCC70032185B /* TagToggleStyle.swift */ = {isa = PBXFileReference; lastKnownFileType = sourcecode.swift; path = TagToggleStyle.swift; sourceTree = "<group>"; };
		098A61EF2E54CCC70032185B /* RadioToggleStyle.swift */ = {isa = PBXFileReference; lastKnownFileType = sourcecode.swift; path = RadioToggleStyle.swift; sourceTree = "<group>"; };
		098A61F22E54CCC70032185B /* CardButtonStyle.swift */ = {isa = PBXFileReference; lastKnownFileType = sourcecode.swift; path = CardButtonStyle.swift; sourceTree = "<group>"; };
		098A61F32E54CCC70032185B /* ActionButtonStyle.swift */ = {isa = PBXFileReference; lastKnownFileType = sourcecode.swift; path = ActionButtonStyle.swift; sourceTree = "<group>"; };
		098A61F42E54CCC70032185B /* ButtonPressedEffect.swift */ = {isa = PBXFileReference; lastKnownFileType = sourcecode.swift; path = ButtonPressedEffect.swift; sourceTree = "<group>"; };
		098A61F52E54CCC70032185B /* IconButtonStyle.swift */ = {isa = PBXFileReference; lastKnownFileType = sourcecode.swift; path = IconButtonStyle.swift; sourceTree = "<group>"; };
		098A61F62E54CCC70032185B /* PrimaryButton.swift */ = {isa = PBXFileReference; lastKnownFileType = sourcecode.swift; path = PrimaryButton.swift; sourceTree = "<group>"; };
		098A61F72E54CCC70032185B /* ScaleButtonStyle.swift */ = {isa = PBXFileReference; lastKnownFileType = sourcecode.swift; path = ScaleButtonStyle.swift; sourceTree = "<group>"; };
		098A61F92E54CCC70032185B /* Exo2-Bold.ttf */ = {isa = PBXFileReference; lastKnownFileType = file; path = "Exo2-Bold.ttf"; sourceTree = "<group>"; };
		098A61FA2E54CCC70032185B /* Exo2-Medium.ttf */ = {isa = PBXFileReference; lastKnownFileType = file; path = "Exo2-Medium.ttf"; sourceTree = "<group>"; };
		098A61FB2E54CCC70032185B /* Poppins-Bold.ttf */ = {isa = PBXFileReference; lastKnownFileType = file; path = "Poppins-Bold.ttf"; sourceTree = "<group>"; };
		098A61FD2E54CCC70032185B /* Color.swift */ = {isa = PBXFileReference; lastKnownFileType = sourcecode.swift; path = Color.swift; sourceTree = "<group>"; };
		098A61FE2E54CCC70032185B /* CornerRadius.swift */ = {isa = PBXFileReference; lastKnownFileType = sourcecode.swift; path = CornerRadius.swift; sourceTree = "<group>"; };
		098A61FF2E54CCC70032185B /* Gradiant.swift */ = {isa = PBXFileReference; lastKnownFileType = sourcecode.swift; path = Gradiant.swift; sourceTree = "<group>"; };
		098A62002E54CCC70032185B /* Spacing.swift */ = {isa = PBXFileReference; lastKnownFileType = sourcecode.swift; path = Spacing.swift; sourceTree = "<group>"; };
		098A62012E54CCC70032185B /* TextStyle.swift */ = {isa = PBXFileReference; lastKnownFileType = sourcecode.swift; path = TextStyle.swift; sourceTree = "<group>"; };
		098A62032E54CCC70032185B /* DesignSystem.swift */ = {isa = PBXFileReference; lastKnownFileType = sourcecode.swift; path = DesignSystem.swift; sourceTree = "<group>"; };
		098A62052E54CCC70032185B /* TagView.swift */ = {isa = PBXFileReference; lastKnownFileType = sourcecode.swift; path = TagView.swift; sourceTree = "<group>"; };
		098A62062E54CCC70032185B /* Haptics.swift */ = {isa = PBXFileReference; lastKnownFileType = sourcecode.swift; path = Haptics.swift; sourceTree = "<group>"; };
		098A62072E54CCC70032185B /* ImageTagView.swift */ = {isa = PBXFileReference; lastKnownFileType = sourcecode.swift; path = ImageTagView.swift; sourceTree = "<group>"; };
		098A62212E54D30D0032185B /* Constant.swift */ = {isa = PBXFileReference; lastKnownFileType = sourcecode.swift; path = Constant.swift; sourceTree = "<group>"; };
		09ACF44D2E5E07EB00D59BC0 /* Env.swift */ = {isa = PBXFileReference; lastKnownFileType = sourcecode.swift; path = Env.swift; sourceTree = "<group>"; };
/* End PBXFileReference section */

/* Begin PBXFileSystemSynchronizedBuildFileExceptionSet section */
		09F414562F194709000D3E4D /* Exceptions for "Components" folder in "ReCIT_iOS" target */ = {
			isa = PBXFileSystemSynchronizedBuildFileExceptionSet;
			membershipExceptions = (
				CachedAsyncImage.swift,
			);
			target = 094FD19B2E4A38D40023705A /* ReCIT_iOS */;
		};
/* End PBXFileSystemSynchronizedBuildFileExceptionSet section */

/* Begin PBXFileSystemSynchronizedRootGroup section */
		094239B92F22B1EE007BD21B /* Domain */ = {
			isa = PBXFileSystemSynchronizedRootGroup;
			path = Domain;
			sourceTree = "<group>";
		};
		094FD1AE2E4A38D60023705A /* Tests */ = {
			isa = PBXFileSystemSynchronizedRootGroup;
			path = Tests;
			sourceTree = "<group>";
		};
		094FD1B82E4A38D60023705A /* UITests */ = {
			isa = PBXFileSystemSynchronizedRootGroup;
			path = UITests;
			sourceTree = "<group>";
		};
		098A641E2E573D140032185B /* Components */ = {
			isa = PBXFileSystemSynchronizedRootGroup;
			exceptions = (
				09F414562F194709000D3E4D /* Exceptions for "Components" folder in "ReCIT_iOS" target */,
			);
			path = Components;
			sourceTree = "<group>";
		};
		09ACF4122E5CA38300D59BC0 /* Features */ = {
			isa = PBXFileSystemSynchronizedRootGroup;
			path = Features;
			sourceTree = "<group>";
		};
		09FCBD0B2EBE58F600A33F35 /* Model */ = {
			isa = PBXFileSystemSynchronizedRootGroup;
			path = Model;
			sourceTree = "<group>";
		};
/* End PBXFileSystemSynchronizedRootGroup section */

/* Begin PBXFrameworksBuildPhase section */
		094FD1992E4A38D40023705A /* Frameworks */ = {
			isa = PBXFrameworksBuildPhase;
			buildActionMask = 2147483647;
			files = (
				09F415792F203469000D3E4D /* AsyncAlgorithms in Frameworks */,
			);
			runOnlyForDeploymentPostprocessing = 0;
		};
		094FD1A82E4A38D60023705A /* Frameworks */ = {
			isa = PBXFrameworksBuildPhase;
			buildActionMask = 2147483647;
			files = (
			);
			runOnlyForDeploymentPostprocessing = 0;
		};
		094FD1B22E4A38D60023705A /* Frameworks */ = {
			isa = PBXFrameworksBuildPhase;
			buildActionMask = 2147483647;
			files = (
			);
			runOnlyForDeploymentPostprocessing = 0;
		};
/* End PBXFrameworksBuildPhase section */

/* Begin PBXGroup section */
		094FD1932E4A38D40023705A = {
			isa = PBXGroup;
			children = (
				094239B92F22B1EE007BD21B /* Domain */,
				098A641E2E573D140032185B /* Components */,
				098A61E32E54CA160032185B /* ReCIT.swift */,
				09ACF44D2E5E07EB00D59BC0 /* Env.swift */,
				098A61E02E54CA160032185B /* Assets.xcassets */,
				09FCBD0B2EBE58F600A33F35 /* Model */,
				09ACF4122E5CA38300D59BC0 /* Features */,
				098A62082E54CCC70032185B /* DesignSystem */,
				094FD1AE2E4A38D60023705A /* Tests */,
				094FD1B82E4A38D60023705A /* UITests */,
				094FD19D2E4A38D40023705A /* Products */,
			);
			sourceTree = "<group>";
		};
		094FD19D2E4A38D40023705A /* Products */ = {
			isa = PBXGroup;
			children = (
				094FD19C2E4A38D40023705A /* ReCIT_iOS.app */,
				094FD1AB2E4A38D60023705A /* ReCIT_iOSTests.xctest */,
				094FD1B52E4A38D60023705A /* ReCIT_iOSUITests.xctest */,
			);
			name = Products;
			sourceTree = "<group>";
		};
		098A61F02E54CCC70032185B /* ToggleStyles */ = {
			isa = PBXGroup;
			children = (
				098A61EE2E54CCC70032185B /* TagToggleStyle.swift */,
				098A61EF2E54CCC70032185B /* RadioToggleStyle.swift */,
			);
			path = ToggleStyles;
			sourceTree = "<group>";
		};
		098A61F82E54CCC70032185B /* ButtonStyles */ = {
			isa = PBXGroup;
			children = (
				098A61F22E54CCC70032185B /* CardButtonStyle.swift */,
				098A61F32E54CCC70032185B /* ActionButtonStyle.swift */,
				098A61F42E54CCC70032185B /* ButtonPressedEffect.swift */,
				098A61F52E54CCC70032185B /* IconButtonStyle.swift */,
				098A61F62E54CCC70032185B /* PrimaryButton.swift */,
				098A61F72E54CCC70032185B /* ScaleButtonStyle.swift */,
			);
			path = ButtonStyles;
			sourceTree = "<group>";
		};
		098A61FC2E54CCC70032185B /* Fonts */ = {
			isa = PBXGroup;
			children = (
				098A61F92E54CCC70032185B /* Exo2-Bold.ttf */,
				098A61FA2E54CCC70032185B /* Exo2-Medium.ttf */,
				098A61FB2E54CCC70032185B /* Poppins-Bold.ttf */,
			);
			path = Fonts;
			sourceTree = "<group>";
		};
		098A62022E54CCC70032185B /* Tokens */ = {
			isa = PBXGroup;
			children = (
				098A61FD2E54CCC70032185B /* Color.swift */,
				098A61FE2E54CCC70032185B /* CornerRadius.swift */,
				098A61FF2E54CCC70032185B /* Gradiant.swift */,
				098A62002E54CCC70032185B /* Spacing.swift */,
				098A62012E54CCC70032185B /* TextStyle.swift */,
			);
			path = Tokens;
			sourceTree = "<group>";
		};
		098A62082E54CCC70032185B /* DesignSystem */ = {
			isa = PBXGroup;
			children = (
				098A62212E54D30D0032185B /* Constant.swift */,
				098A61F02E54CCC70032185B /* ToggleStyles */,
				098A61F82E54CCC70032185B /* ButtonStyles */,
				098A61FC2E54CCC70032185B /* Fonts */,
				098A62022E54CCC70032185B /* Tokens */,
				098A62032E54CCC70032185B /* DesignSystem.swift */,
				098A62052E54CCC70032185B /* TagView.swift */,
				098A62062E54CCC70032185B /* Haptics.swift */,
				098A62072E54CCC70032185B /* ImageTagView.swift */,
			);
			path = DesignSystem;
			sourceTree = "<group>";
		};
/* End PBXGroup section */

/* Begin PBXNativeTarget section */
		094FD19B2E4A38D40023705A /* ReCIT_iOS */ = {
			isa = PBXNativeTarget;
			buildConfigurationList = 094FD1BF2E4A38D60023705A /* Build configuration list for PBXNativeTarget "ReCIT_iOS" */;
			buildPhases = (
				094FD1982E4A38D40023705A /* Sources */,
				094FD1992E4A38D40023705A /* Frameworks */,
				094FD19A2E4A38D40023705A /* Resources */,
			);
			buildRules = (
			);
			dependencies = (
			);
			fileSystemSynchronizedGroups = (
				094239B92F22B1EE007BD21B /* Domain */,
				098A641E2E573D140032185B /* Components */,
				09ACF4122E5CA38300D59BC0 /* Features */,
				09FCBD0B2EBE58F600A33F35 /* Model */,
			);
			name = ReCIT_iOS;
			packageProductDependencies = (
				09F415782F203469000D3E4D /* AsyncAlgorithms */,
			);
			productName = ReCIT_iOS;
			productReference = 094FD19C2E4A38D40023705A /* ReCIT_iOS.app */;
			productType = "com.apple.product-type.application";
		};
		094FD1AA2E4A38D60023705A /* ReCIT_iOSTests */ = {
			isa = PBXNativeTarget;
			buildConfigurationList = 094FD1C22E4A38D60023705A /* Build configuration list for PBXNativeTarget "ReCIT_iOSTests" */;
			buildPhases = (
				094FD1A72E4A38D60023705A /* Sources */,
				094FD1A82E4A38D60023705A /* Frameworks */,
				094FD1A92E4A38D60023705A /* Resources */,
			);
			buildRules = (
			);
			dependencies = (
				094FD1AD2E4A38D60023705A /* PBXTargetDependency */,
			);
			fileSystemSynchronizedGroups = (
				094FD1AE2E4A38D60023705A /* Tests */,
			);
			name = ReCIT_iOSTests;
			packageProductDependencies = (
			);
			productName = ReCIT_iOSTests;
			productReference = 094FD1AB2E4A38D60023705A /* ReCIT_iOSTests.xctest */;
			productType = "com.apple.product-type.bundle.unit-test";
		};
		094FD1B42E4A38D60023705A /* ReCIT_iOSUITests */ = {
			isa = PBXNativeTarget;
			buildConfigurationList = 094FD1C52E4A38D60023705A /* Build configuration list for PBXNativeTarget "ReCIT_iOSUITests" */;
			buildPhases = (
				094FD1B12E4A38D60023705A /* Sources */,
				094FD1B22E4A38D60023705A /* Frameworks */,
				094FD1B32E4A38D60023705A /* Resources */,
			);
			buildRules = (
			);
			dependencies = (
				094FD1B72E4A38D60023705A /* PBXTargetDependency */,
			);
			fileSystemSynchronizedGroups = (
				094FD1B82E4A38D60023705A /* UITests */,
			);
			name = ReCIT_iOSUITests;
			packageProductDependencies = (
			);
			productName = ReCIT_iOSUITests;
			productReference = 094FD1B52E4A38D60023705A /* ReCIT_iOSUITests.xctest */;
			productType = "com.apple.product-type.bundle.ui-testing";
		};
/* End PBXNativeTarget section */

/* Begin PBXProject section */
		094FD1942E4A38D40023705A /* Project object */ = {
			isa = PBXProject;
			attributes = {
				BuildIndependentTargetsInParallel = 1;
				LastSwiftUpdateCheck = 2600;
				LastUpgradeCheck = 2600;
				TargetAttributes = {
					094FD19B2E4A38D40023705A = {
						CreatedOnToolsVersion = 26.0;
					};
					094FD1AA2E4A38D60023705A = {
						CreatedOnToolsVersion = 26.0;
						TestTargetID = 094FD19B2E4A38D40023705A;
					};
					094FD1B42E4A38D60023705A = {
						CreatedOnToolsVersion = 26.0;
						TestTargetID = 094FD19B2E4A38D40023705A;
					};
				};
			};
			buildConfigurationList = 094FD1972E4A38D40023705A /* Build configuration list for PBXProject "ReCIT_iOS" */;
			developmentRegion = en;
			hasScannedForEncodings = 0;
			knownRegions = (
				en,
				Base,
			);
			mainGroup = 094FD1932E4A38D40023705A;
			minimizedProjectReferenceProxies = 1;
			packageReferences = (
				09F415772F203469000D3E4D /* XCRemoteSwiftPackageReference "swift-async-algorithms" */,
			);
			preferredProjectObjectVersion = 77;
			productRefGroup = 094FD19D2E4A38D40023705A /* Products */;
			projectDirPath = "";
			projectRoot = "";
			targets = (
				094FD19B2E4A38D40023705A /* ReCIT_iOS */,
				094FD1AA2E4A38D60023705A /* ReCIT_iOSTests */,
				094FD1B42E4A38D60023705A /* ReCIT_iOSUITests */,
			);
		};
/* End PBXProject section */

/* Begin PBXResourcesBuildPhase section */
		094FD19A2E4A38D40023705A /* Resources */ = {
			isa = PBXResourcesBuildPhase;
			buildActionMask = 2147483647;
			files = (
				098A61E42E54CA160032185B /* Assets.xcassets in Resources */,
				098A62092E54CCC70032185B /* Exo2-Bold.ttf in Resources */,
				098A620A2E54CCC70032185B /* Poppins-Bold.ttf in Resources */,
				098A620B2E54CCC70032185B /* Exo2-Medium.ttf in Resources */,
			);
			runOnlyForDeploymentPostprocessing = 0;
		};
		094FD1A92E4A38D60023705A /* Resources */ = {
			isa = PBXResourcesBuildPhase;
			buildActionMask = 2147483647;
			files = (
			);
			runOnlyForDeploymentPostprocessing = 0;
		};
		094FD1B32E4A38D60023705A /* Resources */ = {
			isa = PBXResourcesBuildPhase;
			buildActionMask = 2147483647;
			files = (
			);
			runOnlyForDeploymentPostprocessing = 0;
		};
/* End PBXResourcesBuildPhase section */

/* Begin PBXSourcesBuildPhase section */
		094FD1982E4A38D40023705A /* Sources */ = {
			isa = PBXSourcesBuildPhase;
			buildActionMask = 2147483647;
			files = (
				098A620C2E54CCC70032185B /* Spacing.swift in Sources */,
				098A620D2E54CCC70032185B /* CornerRadius.swift in Sources */,
				098A620E2E54CCC70032185B /* ImageTagView.swift in Sources */,
				098A620F2E54CCC70032185B /* ActionButtonStyle.swift in Sources */,
				098A62112E54CCC70032185B /* TagToggleStyle.swift in Sources */,
				098A62122E54CCC70032185B /* Color.swift in Sources */,
				098A62132E54CCC70032185B /* Haptics.swift in Sources */,
				098A62222E54D30D0032185B /* Constant.swift in Sources */,
				098A62142E54CCC70032185B /* TextStyle.swift in Sources */,
				098A62152E54CCC70032185B /* IconButtonStyle.swift in Sources */,
				098A62162E54CCC70032185B /* Gradiant.swift in Sources */,
				09ACF44E2E5E07EB00D59BC0 /* Env.swift in Sources */,
				098A62172E54CCC70032185B /* RadioToggleStyle.swift in Sources */,
				098A62182E54CCC70032185B /* ButtonPressedEffect.swift in Sources */,
				098A62192E54CCC70032185B /* PrimaryButton.swift in Sources */,
				098A621B2E54CCC70032185B /* ScaleButtonStyle.swift in Sources */,
				098A621C2E54CCC70032185B /* TagView.swift in Sources */,
				098A621D2E54CCC70032185B /* DesignSystem.swift in Sources */,
				098A621E2E54CCC70032185B /* CardButtonStyle.swift in Sources */,
				098A61E72E54CA160032185B /* ReCIT.swift in Sources */,
			);
			runOnlyForDeploymentPostprocessing = 0;
		};
		094FD1A72E4A38D60023705A /* Sources */ = {
			isa = PBXSourcesBuildPhase;
			buildActionMask = 2147483647;
			files = (
			);
			runOnlyForDeploymentPostprocessing = 0;
		};
		094FD1B12E4A38D60023705A /* Sources */ = {
			isa = PBXSourcesBuildPhase;
			buildActionMask = 2147483647;
			files = (
			);
			runOnlyForDeploymentPostprocessing = 0;
		};
/* End PBXSourcesBuildPhase section */

/* Begin PBXTargetDependency section */
		094FD1AD2E4A38D60023705A /* PBXTargetDependency */ = {
			isa = PBXTargetDependency;
			target = 094FD19B2E4A38D40023705A /* ReCIT_iOS */;
			targetProxy = 094FD1AC2E4A38D60023705A /* PBXContainerItemProxy */;
		};
		094FD1B72E4A38D60023705A /* PBXTargetDependency */ = {
			isa = PBXTargetDependency;
			target = 094FD19B2E4A38D40023705A /* ReCIT_iOS */;
			targetProxy = 094FD1B62E4A38D60023705A /* PBXContainerItemProxy */;
		};
/* End PBXTargetDependency section */

/* Begin XCBuildConfiguration section */
		094FD1BD2E4A38D60023705A /* Debug */ = {
			isa = XCBuildConfiguration;
			buildSettings = {
				ALWAYS_SEARCH_USER_PATHS = NO;
				ASSETCATALOG_COMPILER_GENERATE_SWIFT_ASSET_SYMBOL_EXTENSIONS = YES;
				CLANG_ANALYZER_NONNULL = YES;
				CLANG_ANALYZER_NUMBER_OBJECT_CONVERSION = YES_AGGRESSIVE;
				CLANG_CXX_LANGUAGE_STANDARD = "gnu++20";
				CLANG_ENABLE_MODULES = YES;
				CLANG_ENABLE_OBJC_ARC = YES;
				CLANG_ENABLE_OBJC_WEAK = YES;
				CLANG_WARN_BLOCK_CAPTURE_AUTORELEASING = YES;
				CLANG_WARN_BOOL_CONVERSION = YES;
				CLANG_WARN_COMMA = YES;
				CLANG_WARN_CONSTANT_CONVERSION = YES;
				CLANG_WARN_DEPRECATED_OBJC_IMPLEMENTATIONS = YES;
				CLANG_WARN_DIRECT_OBJC_ISA_USAGE = YES_ERROR;
				CLANG_WARN_DOCUMENTATION_COMMENTS = YES;
				CLANG_WARN_EMPTY_BODY = YES;
				CLANG_WARN_ENUM_CONVERSION = YES;
				CLANG_WARN_INFINITE_RECURSION = YES;
				CLANG_WARN_INT_CONVERSION = YES;
				CLANG_WARN_NON_LITERAL_NULL_CONVERSION = YES;
				CLANG_WARN_OBJC_IMPLICIT_RETAIN_SELF = YES;
				CLANG_WARN_OBJC_LITERAL_CONVERSION = YES;
				CLANG_WARN_OBJC_ROOT_CLASS = YES_ERROR;
				CLANG_WARN_QUOTED_INCLUDE_IN_FRAMEWORK_HEADER = YES;
				CLANG_WARN_RANGE_LOOP_ANALYSIS = YES;
				CLANG_WARN_STRICT_PROTOTYPES = YES;
				CLANG_WARN_SUSPICIOUS_MOVE = YES;
				CLANG_WARN_UNGUARDED_AVAILABILITY = YES_AGGRESSIVE;
				CLANG_WARN_UNREACHABLE_CODE = YES;
				CLANG_WARN__DUPLICATE_METHOD_MATCH = YES;
				COPY_PHASE_STRIP = NO;
				DEBUG_INFORMATION_FORMAT = dwarf;
				DEVELOPMENT_TEAM = WP5UTYKSQ4;
				ENABLE_STRICT_OBJC_MSGSEND = YES;
				ENABLE_TESTABILITY = YES;
				ENABLE_USER_SCRIPT_SANDBOXING = YES;
				GCC_C_LANGUAGE_STANDARD = gnu17;
				GCC_DYNAMIC_NO_PIC = NO;
				GCC_NO_COMMON_BLOCKS = YES;
				GCC_OPTIMIZATION_LEVEL = 0;
				GCC_PREPROCESSOR_DEFINITIONS = (
					"DEBUG=1",
					"$(inherited)",
				);
				GCC_WARN_64_TO_32_BIT_CONVERSION = YES;
				GCC_WARN_ABOUT_RETURN_TYPE = YES_ERROR;
				GCC_WARN_UNDECLARED_SELECTOR = YES;
				GCC_WARN_UNINITIALIZED_AUTOS = YES_AGGRESSIVE;
				GCC_WARN_UNUSED_FUNCTION = YES;
				GCC_WARN_UNUSED_VARIABLE = YES;
				IPHONEOS_DEPLOYMENT_TARGET = 26.0;
				LOCALIZATION_PREFERS_STRING_CATALOGS = YES;
				MTL_ENABLE_DEBUG_INFO = INCLUDE_SOURCE;
				MTL_FAST_MATH = YES;
				ONLY_ACTIVE_ARCH = YES;
				SDKROOT = iphoneos;
				SWIFT_ACTIVE_COMPILATION_CONDITIONS = "DEBUG $(inherited)";
				SWIFT_OPTIMIZATION_LEVEL = "-Onone";
			};
			name = Debug;
		};
		094FD1BE2E4A38D60023705A /* Release */ = {
			isa = XCBuildConfiguration;
			buildSettings = {
				ALWAYS_SEARCH_USER_PATHS = NO;
				ASSETCATALOG_COMPILER_GENERATE_SWIFT_ASSET_SYMBOL_EXTENSIONS = YES;
				CLANG_ANALYZER_NONNULL = YES;
				CLANG_ANALYZER_NUMBER_OBJECT_CONVERSION = YES_AGGRESSIVE;
				CLANG_CXX_LANGUAGE_STANDARD = "gnu++20";
				CLANG_ENABLE_MODULES = YES;
				CLANG_ENABLE_OBJC_ARC = YES;
				CLANG_ENABLE_OBJC_WEAK = YES;
				CLANG_WARN_BLOCK_CAPTURE_AUTORELEASING = YES;
				CLANG_WARN_BOOL_CONVERSION = YES;
				CLANG_WARN_COMMA = YES;
				CLANG_WARN_CONSTANT_CONVERSION = YES;
				CLANG_WARN_DEPRECATED_OBJC_IMPLEMENTATIONS = YES;
				CLANG_WARN_DIRECT_OBJC_ISA_USAGE = YES_ERROR;
				CLANG_WARN_DOCUMENTATION_COMMENTS = YES;
				CLANG_WARN_EMPTY_BODY = YES;
				CLANG_WARN_ENUM_CONVERSION = YES;
				CLANG_WARN_INFINITE_RECURSION = YES;
				CLANG_WARN_INT_CONVERSION = YES;
				CLANG_WARN_NON_LITERAL_NULL_CONVERSION = YES;
				CLANG_WARN_OBJC_IMPLICIT_RETAIN_SELF = YES;
				CLANG_WARN_OBJC_LITERAL_CONVERSION = YES;
				CLANG_WARN_OBJC_ROOT_CLASS = YES_ERROR;
				CLANG_WARN_QUOTED_INCLUDE_IN_FRAMEWORK_HEADER = YES;
				CLANG_WARN_RANGE_LOOP_ANALYSIS = YES;
				CLANG_WARN_STRICT_PROTOTYPES = YES;
				CLANG_WARN_SUSPICIOUS_MOVE = YES;
				CLANG_WARN_UNGUARDED_AVAILABILITY = YES_AGGRESSIVE;
				CLANG_WARN_UNREACHABLE_CODE = YES;
				CLANG_WARN__DUPLICATE_METHOD_MATCH = YES;
				COPY_PHASE_STRIP = NO;
				DEBUG_INFORMATION_FORMAT = "dwarf-with-dsym";
				DEVELOPMENT_TEAM = WP5UTYKSQ4;
				ENABLE_NS_ASSERTIONS = NO;
				ENABLE_STRICT_OBJC_MSGSEND = YES;
				ENABLE_USER_SCRIPT_SANDBOXING = YES;
				GCC_C_LANGUAGE_STANDARD = gnu17;
				GCC_NO_COMMON_BLOCKS = YES;
				GCC_WARN_64_TO_32_BIT_CONVERSION = YES;
				GCC_WARN_ABOUT_RETURN_TYPE = YES_ERROR;
				GCC_WARN_UNDECLARED_SELECTOR = YES;
				GCC_WARN_UNINITIALIZED_AUTOS = YES_AGGRESSIVE;
				GCC_WARN_UNUSED_FUNCTION = YES;
				GCC_WARN_UNUSED_VARIABLE = YES;
				IPHONEOS_DEPLOYMENT_TARGET = 26.0;
				LOCALIZATION_PREFERS_STRING_CATALOGS = YES;
				MTL_ENABLE_DEBUG_INFO = NO;
				MTL_FAST_MATH = YES;
				SDKROOT = iphoneos;
				SWIFT_COMPILATION_MODE = wholemodule;
				VALIDATE_PRODUCT = YES;
			};
			name = Release;
		};
		094FD1C02E4A38D60023705A /* Debug */ = {
			isa = XCBuildConfiguration;
			buildSettings = {
				ASSETCATALOG_COMPILER_APPICON_NAME = AppIcon;
				ASSETCATALOG_COMPILER_GLOBAL_ACCENT_COLOR_NAME = AccentColor;
				CODE_SIGN_STYLE = Automatic;
				CURRENT_PROJECT_VERSION = 1;
				DEVELOPMENT_TEAM = EPSKWEH82C;
				ENABLE_PREVIEWS = YES;
				GENERATE_INFOPLIST_FILE = YES;
				INFOPLIST_KEY_UIApplicationSceneManifest_Generation = YES;
				INFOPLIST_KEY_UIApplicationSupportsIndirectInputEvents = YES;
				INFOPLIST_KEY_UILaunchScreen_Generation = YES;
				INFOPLIST_KEY_UISupportedInterfaceOrientations_iPad = "UIInterfaceOrientationPortrait UIInterfaceOrientationPortraitUpsideDown UIInterfaceOrientationLandscapeLeft UIInterfaceOrientationLandscapeRight";
				INFOPLIST_KEY_UISupportedInterfaceOrientations_iPhone = "UIInterfaceOrientationPortrait UIInterfaceOrientationLandscapeLeft UIInterfaceOrientationLandscapeRight";
				LD_RUNPATH_SEARCH_PATHS = (
					"$(inherited)",
					"@executable_path/Frameworks",
				);
				MARKETING_VERSION = 1.0;
				PRODUCT_BUNDLE_IDENTIFIER = "fr.association.ReCIT-iOS";
				PRODUCT_NAME = "$(TARGET_NAME)";
				STRING_CATALOG_GENERATE_SYMBOLS = YES;
				SWIFT_DEFAULT_ACTOR_ISOLATION = MainActor;
				SWIFT_EMIT_LOC_STRINGS = YES;
				SWIFT_UPCOMING_FEATURE_MEMBER_IMPORT_VISIBILITY = YES;
				SWIFT_VERSION = 5.0;
				TARGETED_DEVICE_FAMILY = "1,2";
			};
			name = Debug;
		};
		094FD1C12E4A38D60023705A /* Release */ = {
			isa = XCBuildConfiguration;
			buildSettings = {
				ASSETCATALOG_COMPILER_APPICON_NAME = AppIcon;
				ASSETCATALOG_COMPILER_GLOBAL_ACCENT_COLOR_NAME = AccentColor;
				CODE_SIGN_STYLE = Automatic;
				CURRENT_PROJECT_VERSION = 1;
				DEVELOPMENT_TEAM = EPSKWEH82C;
				ENABLE_PREVIEWS = YES;
				GENERATE_INFOPLIST_FILE = YES;
				INFOPLIST_KEY_UIApplicationSceneManifest_Generation = YES;
				INFOPLIST_KEY_UIApplicationSupportsIndirectInputEvents = YES;
				INFOPLIST_KEY_UILaunchScreen_Generation = YES;
				INFOPLIST_KEY_UISupportedInterfaceOrientations_iPad = "UIInterfaceOrientationPortrait UIInterfaceOrientationPortraitUpsideDown UIInterfaceOrientationLandscapeLeft UIInterfaceOrientationLandscapeRight";
				INFOPLIST_KEY_UISupportedInterfaceOrientations_iPhone = "UIInterfaceOrientationPortrait UIInterfaceOrientationLandscapeLeft UIInterfaceOrientationLandscapeRight";
				LD_RUNPATH_SEARCH_PATHS = (
					"$(inherited)",
					"@executable_path/Frameworks",
				);
				MARKETING_VERSION = 1.0;
				PRODUCT_BUNDLE_IDENTIFIER = "fr.association.ReCIT-iOS";
				PRODUCT_NAME = "$(TARGET_NAME)";
				STRING_CATALOG_GENERATE_SYMBOLS = YES;
				SWIFT_DEFAULT_ACTOR_ISOLATION = MainActor;
				SWIFT_EMIT_LOC_STRINGS = YES;
				SWIFT_UPCOMING_FEATURE_MEMBER_IMPORT_VISIBILITY = YES;
				SWIFT_VERSION = 5.0;
				TARGETED_DEVICE_FAMILY = "1,2";
			};
			name = Release;
		};
		094FD1C32E4A38D60023705A /* Debug */ = {
			isa = XCBuildConfiguration;
			buildSettings = {
				BUNDLE_LOADER = "$(TEST_HOST)";
				CODE_SIGN_STYLE = Automatic;
				CURRENT_PROJECT_VERSION = 1;
				DEVELOPMENT_TEAM = WP5UTYKSQ4;
				GENERATE_INFOPLIST_FILE = YES;
				IPHONEOS_DEPLOYMENT_TARGET = 26.0;
				MARKETING_VERSION = 1.0;
				PRODUCT_BUNDLE_IDENTIFIER = "fr.association.ReCIT-iOSTests";
				PRODUCT_NAME = "$(TARGET_NAME)";
				STRING_CATALOG_GENERATE_SYMBOLS = NO;
				SWIFT_EMIT_LOC_STRINGS = NO;
				SWIFT_UPCOMING_FEATURE_MEMBER_IMPORT_VISIBILITY = YES;
				SWIFT_VERSION = 5.0;
				TARGETED_DEVICE_FAMILY = "1,2";
				TEST_HOST = "$(BUILT_PRODUCTS_DIR)/ReCIT_iOS.app/$(BUNDLE_EXECUTABLE_FOLDER_PATH)/ReCIT_iOS";
			};
			name = Debug;
		};
		094FD1C42E4A38D60023705A /* Release */ = {
			isa = XCBuildConfiguration;
			buildSettings = {
				BUNDLE_LOADER = "$(TEST_HOST)";
				CODE_SIGN_STYLE = Automatic;
				CURRENT_PROJECT_VERSION = 1;
				DEVELOPMENT_TEAM = WP5UTYKSQ4;
				GENERATE_INFOPLIST_FILE = YES;
				IPHONEOS_DEPLOYMENT_TARGET = 26.0;
				MARKETING_VERSION = 1.0;
				PRODUCT_BUNDLE_IDENTIFIER = "fr.association.ReCIT-iOSTests";
				PRODUCT_NAME = "$(TARGET_NAME)";
				STRING_CATALOG_GENERATE_SYMBOLS = NO;
				SWIFT_EMIT_LOC_STRINGS = NO;
				SWIFT_UPCOMING_FEATURE_MEMBER_IMPORT_VISIBILITY = YES;
				SWIFT_VERSION = 5.0;
				TARGETED_DEVICE_FAMILY = "1,2";
				TEST_HOST = "$(BUILT_PRODUCTS_DIR)/ReCIT_iOS.app/$(BUNDLE_EXECUTABLE_FOLDER_PATH)/ReCIT_iOS";
			};
			name = Release;
		};
		094FD1C62E4A38D60023705A /* Debug */ = {
			isa = XCBuildConfiguration;
			buildSettings = {
				CODE_SIGN_STYLE = Automatic;
				CURRENT_PROJECT_VERSION = 1;
				DEVELOPMENT_TEAM = WP5UTYKSQ4;
				GENERATE_INFOPLIST_FILE = YES;
				MARKETING_VERSION = 1.0;
				PRODUCT_BUNDLE_IDENTIFIER = "fr.association.ReCIT-iOSUITests";
				PRODUCT_NAME = "$(TARGET_NAME)";
				STRING_CATALOG_GENERATE_SYMBOLS = NO;
				SWIFT_EMIT_LOC_STRINGS = NO;
				SWIFT_UPCOMING_FEATURE_MEMBER_IMPORT_VISIBILITY = YES;
				SWIFT_VERSION = 5.0;
				TARGETED_DEVICE_FAMILY = "1,2";
				TEST_TARGET_NAME = ReCIT_iOS;
			};
			name = Debug;
		};
		094FD1C72E4A38D60023705A /* Release */ = {
			isa = XCBuildConfiguration;
			buildSettings = {
				CODE_SIGN_STYLE = Automatic;
				CURRENT_PROJECT_VERSION = 1;
				DEVELOPMENT_TEAM = WP5UTYKSQ4;
				GENERATE_INFOPLIST_FILE = YES;
				MARKETING_VERSION = 1.0;
				PRODUCT_BUNDLE_IDENTIFIER = "fr.association.ReCIT-iOSUITests";
				PRODUCT_NAME = "$(TARGET_NAME)";
				STRING_CATALOG_GENERATE_SYMBOLS = NO;
				SWIFT_EMIT_LOC_STRINGS = NO;
				SWIFT_UPCOMING_FEATURE_MEMBER_IMPORT_VISIBILITY = YES;
				SWIFT_VERSION = 5.0;
				TARGETED_DEVICE_FAMILY = "1,2";
				TEST_TARGET_NAME = ReCIT_iOS;
			};
			name = Release;
		};
/* End XCBuildConfiguration section */

/* Begin XCConfigurationList section */
		094FD1972E4A38D40023705A /* Build configuration list for PBXProject "ReCIT_iOS" */ = {
			isa = XCConfigurationList;
			buildConfigurations = (
				094FD1BD2E4A38D60023705A /* Debug */,
				094FD1BE2E4A38D60023705A /* Release */,
			);
			defaultConfigurationIsVisible = 0;
			defaultConfigurationName = Release;
		};
		094FD1BF2E4A38D60023705A /* Build configuration list for PBXNativeTarget "ReCIT_iOS" */ = {
			isa = XCConfigurationList;
			buildConfigurations = (
				094FD1C02E4A38D60023705A /* Debug */,
				094FD1C12E4A38D60023705A /* Release */,
			);
			defaultConfigurationIsVisible = 0;
			defaultConfigurationName = Release;
		};
		094FD1C22E4A38D60023705A /* Build configuration list for PBXNativeTarget "ReCIT_iOSTests" */ = {
			isa = XCConfigurationList;
			buildConfigurations = (
				094FD1C32E4A38D60023705A /* Debug */,
				094FD1C42E4A38D60023705A /* Release */,
			);
			defaultConfigurationIsVisible = 0;
			defaultConfigurationName = Release;
		};
		094FD1C52E4A38D60023705A /* Build configuration list for PBXNativeTarget "ReCIT_iOSUITests" */ = {
			isa = XCConfigurationList;
			buildConfigurations = (
				094FD1C62E4A38D60023705A /* Debug */,
				094FD1C72E4A38D60023705A /* Release */,
			);
			defaultConfigurationIsVisible = 0;
			defaultConfigurationName = Release;
		};
/* End XCConfigurationList section */

/* Begin XCRemoteSwiftPackageReference section */
		09F415772F203469000D3E4D /* XCRemoteSwiftPackageReference "swift-async-algorithms" */ = {
			isa = XCRemoteSwiftPackageReference;
			repositoryURL = "https://github.com/apple/swift-async-algorithms.git";
			requirement = {
				kind = upToNextMajorVersion;
				minimumVersion = 1.1.1;
			};
		};
/* End XCRemoteSwiftPackageReference section */

/* Begin XCSwiftPackageProductDependency section */
		09F415782F203469000D3E4D /* AsyncAlgorithms */ = {
			isa = XCSwiftPackageProductDependency;
			package = 09F415772F203469000D3E4D /* XCRemoteSwiftPackageReference "swift-async-algorithms" */;
			productName = AsyncAlgorithms;
		};
/* End XCSwiftPackageProductDependency section */
	};
	rootObject = 094FD1942E4A38D40023705A /* Project object */;
}
